{
  "originHash" : "819c472eefba8c5cafb3fc54279899e493fe133fbe69033fff7c6ed797307556",
  "pins" : [
    {
      "identity" : "elegant-emoji-picker",
      "kind" : "remoteSourceControl",
      "location" : "https://github.com/Finalet/Elegant-Emoji-Picker",
      "state" : {
        "branch" : "main",
        "revision" : "71d2d46092b4d550cc593614efc06438f845f6e6"
      }
    },
    {
      "identity" : "emojipicker",
      "kind" : "remoteSourceControl",
      "location" : "https://github.com/Kelvas09/EmojiPicker",
      "state" : {
        "revision" : "d787591e2121b617209172ad6a8ebf2975f605ae",
        "version" : "1.0.1"
      }
    },
    {
      "identity" : "mcemojipicker",
      "kind" : "remoteSourceControl",
      "location" : "https://github.com/izyumkin/MCEmojiPicker",
      "state" : {
        "revision" : "e0b4903b75ae1cc418d276d84d1cb946b8a1d73c",
        "version" : "1.2.3"
      }
    },
    {
      "identity" : "purchases-ios",
      "kind" : "remoteSourceControl",
      "location" : "https://github.com/RevenueCat/purchases-ios.git",
      "state" : {
        "revision" : "12240d045cfad9f281bc21e9f09d0c33ff09b74f",
        "version" : "4.39.0"
      }
    },
    {
      "identity" : "smile",
      "kind" : "remoteSourceControl",
      "location" : "https://github.com/onmyway133/Smile",
      "state" : {
        "revision" : "40604722a7a56f735124e069fcbb58307637744b",
        "version" : "2.1.0"
      }
    }
  ],
  "version" : 3
}
